// !$*UTF8*$!
{
	archiveVersion = 1;
	classes = {
	};
	objectVersion = 50;
	objects = {

/* Begin PBXBuildFile section */
		67266373262DA73F0058E041 /* UI_164App.swift in Sources */ = {isa = PBXBuildFile; fileRef = 67266372262DA73F0058E041 /* UI_164App.swift */; };
		67266375262DA73F0058E041 /* ContentView.swift in Sources */ = {isa = PBXBuildFile; fileRef = 67266374262DA73F0058E041 /* ContentView.swift */; };
		67266377262DA7400058E041 /* Assets.xcassets in Resources */ = {isa = PBXBuildFile; fileRef = 67266376262DA7400058E041 /* Assets.xcassets */; };
		6726637A262DA7400058E041 /* Preview Assets.xcassets in Resources */ = {isa = PBXBuildFile; fileRef = 67266379262DA7400058E041 /* Preview Assets.xcassets */; };
		67266385262DA7400058E041 /* UI_164Tests.swift in Sources */ = {isa = PBXBuildFile; fileRef = 67266384262DA7400058E041 /* UI_164Tests.swift */; };
		67266390262DA7400058E041 /* UI_164UITests.swift in Sources */ = {isa = PBXBuildFile; fileRef = 6726638F262DA7400058E041 /* UI_164UITests.swift */; };
		672663AB262DA7830058E041 /* Home.swift in Sources */ = {isa = PBXBuildFile; fileRef = 672663AA262DA7830058E041 /* Home.swift */; };
		672663B3262DA7A10058E041 /* Song.swift in Sources */ = {isa = PBXBuildFile; fileRef = 672663B2262DA7A10058E041 /* Song.swift */; };
		672663B8262DAFAE0058E041 /* SlideTabView.swift in Sources */ = {isa = PBXBuildFile; fileRef = 672663B7262DAFAE0058E041 /* SlideTabView.swift */; };
/* End PBXBuildFile section */

/* Begin PBXContainerItemProxy section */
		67266381262DA7400058E041 /* PBXContainerItemProxy */ = {
			isa = PBXContainerItemProxy;
			containerPortal = 67266367262DA73F0058E041 /* Project object */;
			proxyType = 1;
			remoteGlobalIDString = 6726636E262DA73F0058E041;
			remoteInfo = "UI-164";
		};
		6726638C262DA7400058E041 /* PBXContainerItemProxy */ = {
			isa = PBXContainerItemProxy;
			containerPortal = 67266367262DA73F0058E041 /* Project object */;
			proxyType = 1;
			remoteGlobalIDString = 6726636E262DA73F0058E041;
			remoteInfo = "UI-164";
		};
/* End PBXContainerItemProxy section */

/* Begin PBXFileReference section */
		6726636F262DA73F0058E041 /* UI-164.app */ = {isa = PBXFileReference; explicitFileType = wrapper.application; includeInIndex = 0; path = "UI-164.app"; sourceTree = BUILT_PRODUCTS_DIR; };
		67266372262DA73F0058E041 /* UI_164App.swift */ = {isa = PBXFileReference; lastKnownFileType = sourcecode.swift; path = UI_164App.swift; sourceTree = "<group>"; };
		67266374262DA73F0058E041 /* ContentView.swift */ = {isa = PBXFileReference; lastKnownFileType = sourcecode.swift; path = ContentView.swift; sourceTree = "<group>"; };
		67266376262DA7400058E041 /* Assets.xcassets */ = {isa = PBXFileReference; lastKnownFileType = folder.assetcatalog; path = Assets.xcassets; sourceTree = "<group>"; };
		67266379262DA7400058E041 /* Preview Assets.xcassets */ = {isa = PBXFileReference; lastKnownFileType = folder.assetcatalog; path = "Preview Assets.xcassets"; sourceTree = "<group>"; };
		6726637B262DA7400058E041 /* Info.plist */ = {isa = PBXFileReference; lastKnownFileType = text.plist.xml; path = Info.plist; sourceTree = "<group>"; };
		67266380262DA7400058E041 /* UI-164Tests.xctest */ = {isa = PBXFileReference; explicitFileType = wrapper.cfbundle; includeInIndex = 0; path = "UI-164Tests.xctest"; sourceTree = BUILT_PRODUCTS_DIR; };
		67266384262DA7400058E041 /* UI_164Tests.swift */ = {isa = PBXFileReference; lastKnownFileType = sourcecode.swift; path = UI_164Tests.swift; sourceTree = "<group>"; };
		67266386262DA7400058E041 /* Info.plist */ = {isa = PBXFileReference; lastKnownFileType = text.plist.xml; path = Info.plist; sourceTree = "<group>"; };
		6726638B262DA7400058E041 /* UI-164UITests.xctest */ = {isa = PBXFileReference; explicitFileType = wrapper.cfbundle; includeInIndex = 0; path = "UI-164UITests.xctest"; sourceTree = BUILT_PRODUCTS_DIR; };
		6726638F262DA7400058E041 /* UI_164UITests.swift */ = {isa = PBXFileReference; lastKnownFileType = sourcecode.swift; path = UI_164UITests.swift; sourceTree = "<group>"; };
		67266391262DA7400058E041 /* Info.plist */ = {isa = PBXFileReference; lastKnownFileType = text.plist.xml; path = Info.plist; sourceTree = "<group>"; };
		672663AA262DA7830058E041 /* Home.swift */ = {isa = PBXFileReference; lastKnownFileType = sourcecode.swift; path = Home.swift; sourceTree = "<group>"; };
		672663B2262DA7A10058E041 /* Song.swift */ = {isa = PBXFileReference; lastKnownFileType = sourcecode.swift; path = Song.swift; sourceTree = "<group>"; };
		672663B7262DAFAE0058E041 /* SlideTabView.swift */ = {isa = PBXFileReference; lastKnownFileType = sourcecode.swift; path = SlideTabView.swift; sourceTree = "<group>"; };
/* End PBXFileReference section */

/* Begin PBXFrameworksBuildPhase section */
		6726636C262DA73F0058E041 /* Frameworks */ = {
			isa = PBXFrameworksBuildPhase;
			buildActionMask = 2147483647;
			files = (
			);
			runOnlyForDeploymentPostprocessing = 0;
		};
		6726637D262DA7400058E041 /* Frameworks */ = {
			isa = PBXFrameworksBuildPhase;
			buildActionMask = 2147483647;
			files = (
			);
			runOnlyForDeploymentPostprocessing = 0;
		};
		67266388262DA7400058E041 /* Frameworks */ = {
			isa = PBXFrameworksBuildPhase;
			buildActionMask = 2147483647;
			files = (
			);
			runOnlyForDeploymentPostprocessing = 0;
		};
/* End PBXFrameworksBuildPhase section */

/* Begin PBXGroup section */
		67266366262DA73F0058E041 = {
			isa = PBXGroup;
			children = (
				67266371262DA73F0058E041 /* UI-164 */,
				67266383262DA7400058E041 /* UI-164Tests */,
				6726638E262DA7400058E041 /* UI-164UITests */,
				67266370262DA73F0058E041 /* Products */,
			);
			sourceTree = "<group>";
		};
		67266370262DA73F0058E041 /* Products */ = {
			isa = PBXGroup;
			children = (
				6726636F262DA73F0058E041 /* UI-164.app */,
				67266380262DA7400058E041 /* UI-164Tests.xctest */,
				6726638B262DA7400058E041 /* UI-164UITests.xctest */,
			);
			name = Products;
			sourceTree = "<group>";
		};
		67266371262DA73F0058E041 /* UI-164 */ = {
			isa = PBXGroup;
			children = (
				672663A1262DA7540058E041 /* View */,
				672663A0262DA74B0058E041 /* Model */,
				67266372262DA73F0058E041 /* UI_164App.swift */,
				67266374262DA73F0058E041 /* ContentView.swift */,
				67266376262DA7400058E041 /* Assets.xcassets */,
				6726637B262DA7400058E041 /* Info.plist */,
				67266378262DA7400058E041 /* Preview Content */,
			);
			path = "UI-164";
			sourceTree = "<group>";
		};
		67266378262DA7400058E041 /* Preview Content */ = {
			isa = PBXGroup;
			children = (
				67266379262DA7400058E041 /* Preview Assets.xcassets */,
			);
			path = "Preview Content";
			sourceTree = "<group>";
		};
		67266383262DA7400058E041 /* UI-164Tests */ = {
			isa = PBXGroup;
			children = (
				67266384262DA7400058E041 /* UI_164Tests.swift */,
				67266386262DA7400058E041 /* Info.plist */,
			);
			path = "UI-164Tests";
			sourceTree = "<group>";
		};
		6726638E262DA7400058E041 /* UI-164UITests */ = {
			isa = PBXGroup;
			children = (
				6726638F262DA7400058E041 /* UI_164UITests.swift */,
				67266391262DA7400058E041 /* Info.plist */,
			);
			path = "UI-164UITests";
			sourceTree = "<group>";
		};
		672663A0262DA74B0058E041 /* Model */ = {
			isa = PBXGroup;
			children = (
				672663B2262DA7A10058E041 /* Song.swift */,
			);
			path = Model;
			sourceTree = "<group>";
		};
		672663A1262DA7540058E041 /* View */ = {
			isa = PBXGroup;
			children = (
				672663AA262DA7830058E041 /* Home.swift */,
				672663B7262DAFAE0058E041 /* SlideTabView.swift */,
			);
			name = View;
			path = "New Group1";
			sourceTree = "<group>";
		};
/* End PBXGroup section */

/* Begin PBXNativeTarget section */
		6726636E262DA73F0058E041 /* UI-164 */ = {
			isa = PBXNativeTarget;
			buildConfigurationList = 67266394262DA7400058E041 /* Build configuration list for PBXNativeTarget "UI-164" */;
			buildPhases = (
				6726636B262DA73F0058E041 /* Sources */,
				6726636C262DA73F0058E041 /* Frameworks */,
				6726636D262DA73F0058E041 /* Resources */,
			);
			buildRules = (
			);
			dependencies = (
			);
			name = "UI-164";
			productName = "UI-164";
			productReference = 6726636F262DA73F0058E041 /* UI-164.app */;
			productType = "com.apple.product-type.application";
		};
		6726637F262DA7400058E041 /* UI-164Tests */ = {
			isa = PBXNativeTarget;
			buildConfigurationList = 67266397262DA7400058E041 /* Build configuration list for PBXNativeTarget "UI-164Tests" */;
			buildPhases = (
				6726637C262DA7400058E041 /* Sources */,
				6726637D262DA7400058E041 /* Frameworks */,
				6726637E262DA7400058E041 /* Resources */,
			);
			buildRules = (
			);
			dependencies = (
				67266382262DA7400058E041 /* PBXTargetDependency */,
			);
			name = "UI-164Tests";
			productName = "UI-164Tests";
			productReference = 67266380262DA7400058E041 /* UI-164Tests.xctest */;
			productType = "com.apple.product-type.bundle.unit-test";
		};
		6726638A262DA7400058E041 /* UI-164UITests */ = {
			isa = PBXNativeTarget;
			buildConfigurationList = 6726639A262DA7400058E041 /* Build configuration list for PBXNativeTarget "UI-164UITests" */;
			buildPhases = (
				67266387262DA7400058E041 /* Sources */,
				67266388262DA7400058E041 /* Frameworks */,
				67266389262DA7400058E041 /* Resources */,
			);
			buildRules = (
			);
			dependencies = (
				6726638D262DA7400058E041 /* PBXTargetDependency */,
			);
			name = "UI-164UITests";
			productName = "UI-164UITests";
			productReference = 6726638B262DA7400058E041 /* UI-164UITests.xctest */;
			productType = "com.apple.product-type.bundle.ui-testing";
		};
/* End PBXNativeTarget section */

/* Begin PBXProject section */
		67266367262DA73F0058E041 /* Project object */ = {
			isa = PBXProject;
			attributes = {
				LastSwiftUpdateCheck = 1240;
				LastUpgradeCheck = 1240;
				TargetAttributes = {
					6726636E262DA73F0058E041 = {
						CreatedOnToolsVersion = 12.4;
					};
					6726637F262DA7400058E041 = {
						CreatedOnToolsVersion = 12.4;
						TestTargetID = 6726636E262DA73F0058E041;
					};
					6726638A262DA7400058E041 = {
						CreatedOnToolsVersion = 12.4;
						TestTargetID = 6726636E262DA73F0058E041;
					};
				};
			};
			buildConfigurationList = 6726636A262DA73F0058E041 /* Build configuration list for PBXProject "UI-164" */;
			compatibilityVersion = "Xcode 9.3";
			developmentRegion = en;
			hasScannedForEncodings = 0;
			knownRegions = (
				en,
				Base,
			);
			mainGroup = 67266366262DA73F0058E041;
			productRefGroup = 67266370262DA73F0058E041 /* Products */;
			projectDirPath = "";
			projectRoot = "";
			targets = (
				6726636E262DA73F0058E041 /* UI-164 */,
				6726637F262DA7400058E041 /* UI-164Tests */,
				6726638A262DA7400058E041 /* UI-164UITests */,
			);
		};
/* End PBXProject section */

/* Begin PBXResourcesBuildPhase section */
		6726636D262DA73F0058E041 /* Resources */ = {
			isa = PBXResourcesBuildPhase;
			buildActionMask = 2147483647;
			files = (
				6726637A262DA7400058E041 /* Preview Assets.xcassets in Resources */,
				67266377262DA7400058E041 /* Assets.xcassets in Resources */,
			);
			runOnlyForDeploymentPostprocessing = 0;
		};
		6726637E262DA7400058E041 /* Resources */ = {
			isa = PBXResourcesBuildPhase;
			buildActionMask = 2147483647;
			files = (
			);
			runOnlyForDeploymentPostprocessing = 0;
		};
		67266389262DA7400058E041 /* Resources */ = {
			isa = PBXResourcesBuildPhase;
			buildActionMask = 2147483647;
			files = (
			);
			runOnlyForDeploymentPostprocessing = 0;
		};
/* End PBXResourcesBuildPhase section */

/* Begin PBXSourcesBuildPhase section */
		6726636B262DA73F0058E041 /* Sources */ = {
			isa = PBXSourcesBuildPhase;
			buildActionMask = 2147483647;
			files = (
				672663B8262DAFAE0058E041 /* SlideTabView.swift in Sources */,
				672663B3262DA7A10058E041 /* Song.swift in Sources */,
				67266375262DA73F0058E041 /* ContentView.swift in Sources */,
				672663AB262DA7830058E041 /* Home.swift in Sources */,
				67266373262DA73F0058E041 /* UI_164App.swift in Sources */,
			);
			runOnlyForDeploymentPostprocessing = 0;
		};
		6726637C262DA7400058E041 /* Sources */ = {
			isa = PBXSourcesBuildPhase;
			buildActionMask = 2147483647;
			files = (
				67266385262DA7400058E041 /* UI_164Tests.swift in Sources */,
			);
			runOnlyForDeploymentPostprocessing = 0;
		};
		67266387262DA7400058E041 /* Sources */ = {
			isa = PBXSourcesBuildPhase;
			buildActionMask = 2147483647;
			files = (
				67266390262DA7400058E041 /* UI_164UITests.swift in Sources */,
			);
			runOnlyForDeploymentPostprocessing = 0;
		};
/* End PBXSourcesBuildPhase section */

/* Begin PBXTargetDependency section */
		67266382262DA7400058E041 /* PBXTargetDependency */ = {
			isa = PBXTargetDependency;
			target = 6726636E262DA73F0058E041 /* UI-164 */;
			targetProxy = 67266381262DA7400058E041 /* PBXContainerItemProxy */;
		};
		6726638D262DA7400058E041 /* PBXTargetDependency */ = {
			isa = PBXTargetDependency;
			target = 6726636E262DA73F0058E041 /* UI-164 */;
			targetProxy = 6726638C262DA7400058E041 /* PBXContainerItemProxy */;
		};
/* End PBXTargetDependency section */

/* Begin XCBuildConfiguration section */
		67266392262DA7400058E041 /* Debug */ = {
			isa = XCBuildConfiguration;
			buildSettings = {
				ALWAYS_SEARCH_USER_PATHS = NO;
				CLANG_ANALYZER_NONNULL = YES;
				CLANG_ANALYZER_NUMBER_OBJECT_CONVERSION = YES_AGGRESSIVE;
				CLANG_CXX_LANGUAGE_STANDARD = "gnu++14";
				CLANG_CXX_LIBRARY = "libc++";
				CLANG_ENABLE_MODULES = YES;
				CLANG_ENABLE_OBJC_ARC = YES;
				CLANG_ENABLE_OBJC_WEAK = YES;
				CLANG_WARN_BLOCK_CAPTURE_AUTORELEASING = YES;
				CLANG_WARN_BOOL_CONVERSION = YES;
				CLANG_WARN_COMMA = YES;
				CLANG_WARN_CONSTANT_CONVERSION = YES;
				CLANG_WARN_DEPRECATED_OBJC_IMPLEMENTATIONS = YES;
				CLANG_WARN_DIRECT_OBJC_ISA_USAGE = YES_ERROR;
				CLANG_WARN_DOCUMENTATION_COMMENTS = YES;
				CLANG_WARN_EMPTY_BODY = YES;
				CLANG_WARN_ENUM_CONVERSION = YES;
				CLANG_WARN_INFINITE_RECURSION = YES;
				CLANG_WARN_INT_CONVERSION = YES;
				CLANG_WARN_NON_LITERAL_NULL_CONVERSION = YES;
				CLANG_WARN_OBJC_IMPLICIT_RETAIN_SELF = YES;
				CLANG_WARN_OBJC_LITERAL_CONVERSION = YES;
				CLANG_WARN_OBJC_ROOT_CLASS = YES_ERROR;
				CLANG_WARN_QUOTED_INCLUDE_IN_FRAMEWORK_HEADER = YES;
				CLANG_WARN_RANGE_LOOP_ANALYSIS = YES;
				CLANG_WARN_STRICT_PROTOTYPES = YES;
				CLANG_WARN_SUSPICIOUS_MOVE = YES;
				CLANG_WARN_UNGUARDED_AVAILABILITY = YES_AGGRESSIVE;
				CLANG_WARN_UNREACHABLE_CODE = YES;
				CLANG_WARN__DUPLICATE_METHOD_MATCH = YES;
				COPY_PHASE_STRIP = NO;
				DEBUG_INFORMATION_FORMAT = dwarf;
				ENABLE_STRICT_OBJC_MSGSEND = YES;
				ENABLE_TESTABILITY = YES;
				GCC_C_LANGUAGE_STANDARD = gnu11;
				GCC_DYNAMIC_NO_PIC = NO;
				GCC_NO_COMMON_BLOCKS = YES;
				GCC_OPTIMIZATION_LEVEL = 0;
				GCC_PREPROCESSOR_DEFINITIONS = (
					"DEBUG=1",
					"$(inherited)",
				);
				GCC_WARN_64_TO_32_BIT_CONVERSION = YES;
				GCC_WARN_ABOUT_RETURN_TYPE = YES_ERROR;
				GCC_WARN_UNDECLARED_SELECTOR = YES;
				GCC_WARN_UNINITIALIZED_AUTOS = YES_AGGRESSIVE;
				GCC_WARN_UNUSED_FUNCTION = YES;
				GCC_WARN_UNUSED_VARIABLE = YES;
				IPHONEOS_DEPLOYMENT_TARGET = 14.4;
				MTL_ENABLE_DEBUG_INFO = INCLUDE_SOURCE;
				MTL_FAST_MATH = YES;
				ONLY_ACTIVE_ARCH = YES;
				SDKROOT = iphoneos;
				SWIFT_ACTIVE_COMPILATION_CONDITIONS = DEBUG;
				SWIFT_OPTIMIZATION_LEVEL = "-Onone";
			};
			name = Debug;
		};
		67266393262DA7400058E041 /* Release */ = {
			isa = XCBuildConfiguration;
			buildSettings = {
				ALWAYS_SEARCH_USER_PATHS = NO;
				CLANG_ANALYZER_NONNULL = YES;
				CLANG_ANALYZER_NUMBER_OBJECT_CONVERSION = YES_AGGRESSIVE;
				CLANG_CXX_LANGUAGE_STANDARD = "gnu++14";
				CLANG_CXX_LIBRARY = "libc++";
				CLANG_ENABLE_MODULES = YES;
				CLANG_ENABLE_OBJC_ARC = YES;
				CLANG_ENABLE_OBJC_WEAK = YES;
				CLANG_WARN_BLOCK_CAPTURE_AUTORELEASING = YES;
				CLANG_WARN_BOOL_CONVERSION = YES;
				CLANG_WARN_COMMA = YES;
				CLANG_WARN_CONSTANT_CONVERSION = YES;
				CLANG_WARN_DEPRECATED_OBJC_IMPLEMENTATIONS = YES;
				CLANG_WARN_DIRECT_OBJC_ISA_USAGE = YES_ERROR;
				CLANG_WARN_DOCUMENTATION_COMMENTS = YES;
				CLANG_WARN_EMPTY_BODY = YES;
				CLANG_WARN_ENUM_CONVERSION = YES;
				CLANG_WARN_INFINITE_RECURSION = YES;
				CLANG_WARN_INT_CONVERSION = YES;
				CLANG_WARN_NON_LITERAL_NULL_CONVERSION = YES;
				CLANG_WARN_OBJC_IMPLICIT_RETAIN_SELF = YES;
				CLANG_WARN_OBJC_LITERAL_CONVERSION = YES;
				CLANG_WARN_OBJC_ROOT_CLASS = YES_ERROR;
				CLANG_WARN_QUOTED_INCLUDE_IN_FRAMEWORK_HEADER = YES;
				CLANG_WARN_RANGE_LOOP_ANALYSIS = YES;
				CLANG_WARN_STRICT_PROTOTYPES = YES;
				CLANG_WARN_SUSPICIOUS_MOVE = YES;
				CLANG_WARN_UNGUARDED_AVAILABILITY = YES_AGGRESSIVE;
				CLANG_WARN_UNREACHABLE_CODE = YES;
				CLANG_WARN__DUPLICATE_METHOD_MATCH = YES;
				COPY_PHASE_STRIP = NO;
				DEBUG_INFORMATION_FORMAT = "dwarf-with-dsym";
				ENABLE_NS_ASSERTIONS = NO;
				ENABLE_STRICT_OBJC_MSGSEND = YES;
				GCC_C_LANGUAGE_STANDARD = gnu11;
				GCC_NO_COMMON_BLOCKS = YES;
				GCC_WARN_64_TO_32_BIT_CONVERSION = YES;
				GCC_WARN_ABOUT_RETURN_TYPE = YES_ERROR;
				GCC_WARN_UNDECLARED_SELECTOR = YES;
				GCC_WARN_UNINITIALIZED_AUTOS = YES_AGGRESSIVE;
				GCC_WARN_UNUSED_FUNCTION = YES;
				GCC_WARN_UNUSED_VARIABLE = YES;
				IPHONEOS_DEPLOYMENT_TARGET = 14.4;
				MTL_ENABLE_DEBUG_INFO = NO;
				MTL_FAST_MATH = YES;
				SDKROOT = iphoneos;
				SWIFT_COMPILATION_MODE = wholemodule;
				SWIFT_OPTIMIZATION_LEVEL = "-O";
				VALIDATE_PRODUCT = YES;
			};
			name = Release;
		};
		67266395262DA7400058E041 /* Debug */ = {
			isa = XCBuildConfiguration;
			buildSettings = {
				ASSETCATALOG_COMPILER_APPICON_NAME = AppIcon;
				ASSETCATALOG_COMPILER_GLOBAL_ACCENT_COLOR_NAME = AccentColor;
				CODE_SIGN_STYLE = Automatic;
				DEVELOPMENT_ASSET_PATHS = "\"UI-164/Preview Content\"";
				ENABLE_PREVIEWS = YES;
				INFOPLIST_FILE = "UI-164/Info.plist";
				IPHONEOS_DEPLOYMENT_TARGET = 14.0;
				LD_RUNPATH_SEARCH_PATHS = (
					"$(inherited)",
					"@executable_path/Frameworks",
				);
				PRODUCT_BUNDLE_IDENTIFIER = "com.uzu.UI-164";
				PRODUCT_NAME = "$(TARGET_NAME)";
				SWIFT_VERSION = 5.0;
				TARGETED_DEVICE_FAMILY = "1,2";
			};
			name = Debug;
		};
		67266396262DA7400058E041 /* Release */ = {
			isa = XCBuildConfiguration;
			buildSettings = {
				ASSETCATALOG_COMPILER_APPICON_NAME = AppIcon;
				ASSETCATALOG_COMPILER_GLOBAL_ACCENT_COLOR_NAME = AccentColor;
				CODE_SIGN_STYLE = Automatic;
				DEVELOPMENT_ASSET_PATHS = "\"UI-164/Preview Content\"";
				ENABLE_PREVIEWS = YES;
				INFOPLIST_FILE = "UI-164/Info.plist";
				IPHONEOS_DEPLOYMENT_TARGET = 14.0;
				LD_RUNPATH_SEARCH_PATHS = (
					"$(inherited)",
					"@executable_path/Frameworks",
				);
				PRODUCT_BUNDLE_IDENTIFIER = "com.uzu.UI-164";
				PRODUCT_NAME = "$(TARGET_NAME)";
				SWIFT_VERSION = 5.0;
				TARGETED_DEVICE_FAMILY = "1,2";
			};
			name = Release;
		};
		67266398262DA7400058E041 /* Debug */ = {
			isa = XCBuildConfiguration;
			buildSettings = {
				ALWAYS_EMBED_SWIFT_STANDARD_LIBRARIES = YES;
				BUNDLE_LOADER = "$(TEST_HOST)";
				CODE_SIGN_STYLE = Automatic;
				INFOPLIST_FILE = "UI-164Tests/Info.plist";
				IPHONEOS_DEPLOYMENT_TARGET = 14.0;
				LD_RUNPATH_SEARCH_PATHS = (
					"$(inherited)",
					"@executable_path/Frameworks",
					"@loader_path/Frameworks",
				);
				PRODUCT_BUNDLE_IDENTIFIER = "com.uzu.UI-164Tests";
				PRODUCT_NAME = "$(TARGET_NAME)";
				SWIFT_VERSION = 5.0;
				TARGETED_DEVICE_FAMILY = "1,2";
				TEST_HOST = "$(BUILT_PRODUCTS_DIR)/UI-164.app/UI-164";
			};
			name = Debug;
		};
		67266399262DA7400058E041 /* Release */ = {
			isa = XCBuildConfiguration;
			buildSettings = {
				ALWAYS_EMBED_SWIFT_STANDARD_LIBRARIES = YES;
				BUNDLE_LOADER = "$(TEST_HOST)";
				CODE_SIGN_STYLE = Automatic;
				INFOPLIST_FILE = "UI-164Tests/Info.plist";
				IPHONEOS_DEPLOYMENT_TARGET = 14.0;
				LD_RUNPATH_SEARCH_PATHS = (
					"$(inherited)",
					"@executable_path/Frameworks",
					"@loader_path/Frameworks",
				);
				PRODUCT_BUNDLE_IDENTIFIER = "com.uzu.UI-164Tests";
				PRODUCT_NAME = "$(TARGET_NAME)";
				SWIFT_VERSION = 5.0;
				TARGETED_DEVICE_FAMILY = "1,2";
				TEST_HOST = "$(BUILT_PRODUCTS_DIR)/UI-164.app/UI-164";
			};
			name = Release;
		};
		6726639B262DA7400058E041 /* Debug */ = {
			isa = XCBuildConfiguration;
			buildSettings = {
				ALWAYS_EMBED_SWIFT_STANDARD_LIBRARIES = YES;
				CODE_SIGN_STYLE = Automatic;
				INFOPLIST_FILE = "UI-164UITests/Info.plist";
				LD_RUNPATH_SEARCH_PATHS = (
					"$(inherited)",
					"@executable_path/Frameworks",
					"@loader_path/Frameworks",
				);
				PRODUCT_BUNDLE_IDENTIFIER = "com.uzu.UI-164UITests";
				PRODUCT_NAME = "$(TARGET_NAME)";
				SWIFT_VERSION = 5.0;
				TARGETED_DEVICE_FAMILY = "1,2";
				TEST_TARGET_NAME = "UI-164";
			};
			name = Debug;
		};
		6726639C262DA7400058E041 /* Release */ = {
			isa = XCBuildConfiguration;
			buildSettings = {
				ALWAYS_EMBED_SWIFT_STANDARD_LIBRARIES = YES;
				CODE_SIGN_STYLE = Automatic;
				INFOPLIST_FILE = "UI-164UITests/Info.plist";
				LD_RUNPATH_SEARCH_PATHS = (
					"$(inherited)",
					"@executable_path/Frameworks",
					"@loader_path/Frameworks",
				);
				PRODUCT_BUNDLE_IDENTIFIER = "com.uzu.UI-164UITests";
				PRODUCT_NAME = "$(TARGET_NAME)";
				SWIFT_VERSION = 5.0;
				TARGETED_DEVICE_FAMILY = "1,2";
				TEST_TARGET_NAME = "UI-164";
			};
			name = Release;
		};
/* End XCBuildConfiguration section */

/* Begin XCConfigurationList section */
		6726636A262DA73F0058E041 /* Build configuration list for PBXProject "UI-164" */ = {
			isa = XCConfigurationList;
			buildConfigurations = (
				67266392262DA7400058E041 /* Debug */,
				67266393262DA7400058E041 /* Release */,
			);
			defaultConfigurationIsVisible = 0;
			defaultConfigurationName = Release;
		};
		67266394262DA7400058E041 /* Build configuration list for PBXNativeTarget "UI-164" */ = {
			isa = XCConfigurationList;
			buildConfigurations = (
				67266395262DA7400058E041 /* Debug */,
				67266396262DA7400058E041 /* Release */,
			);
			defaultConfigurationIsVisible = 0;
			defaultConfigurationName = Release;
		};
		67266397262DA7400058E041 /* Build configuration list for PBXNativeTarget "UI-164Tests" */ = {
			isa = XCConfigurationList;
			buildConfigurations = (
				67266398262DA7400058E041 /* Debug */,
				67266399262DA7400058E041 /* Release */,
			);
			defaultConfigurationIsVisible = 0;
			defaultConfigurationName = Release;
		};
		6726639A262DA7400058E041 /* Build configuration list for PBXNativeTarget "UI-164UITests" */ = {
			isa = XCConfigurationList;
			buildConfigurations = (
				6726639B262DA7400058E041 /* Debug */,
				6726639C262DA7400058E041 /* Release */,
			);
			defaultConfigurationIsVisible = 0;
			defaultConfigurationName = Release;
		};
/* End XCConfigurationList section */
	};
	rootObject = 67266367262DA73F0058E041 /* Project object */;
}
